// !$*UTF8*$!
{
	archiveVersion = 1;
	classes = {
	};
	objectVersion = 46;
	objects = {

/* Begin PBXBuildFile section */
		72C0DDF21D24FE1100605A95 /* main.m in Sources */ = {isa = PBXBuildFile; fileRef = 72C0DDF11D24FE1100605A95 /* main.m */; };
		72C0DDF51D24FE1100605A95 /* AppDelegate.m in Sources */ = {isa = PBXBuildFile; fileRef = 72C0DDF41D24FE1100605A95 /* AppDelegate.m */; };
		72C0DDF81D24FE1100605A95 /* ViewController.m in Sources */ = {isa = PBXBuildFile; fileRef = 72C0DDF71D24FE1100605A95 /* ViewController.m */; };
		72C0DDFB1D24FE1100605A95 /* Main.storyboard in Resources */ = {isa = PBXBuildFile; fileRef = 72C0DDF91D24FE1100605A95 /* Main.storyboard */; };
		72C0DDFD1D24FE1100605A95 /* Assets.xcassets in Resources */ = {isa = PBXBuildFile; fileRef = 72C0DDFC1D24FE1100605A95 /* Assets.xcassets */; };
		72C0DE001D24FE1100605A95 /* LaunchScreen.storyboard in Resources */ = {isa = PBXBuildFile; fileRef = 72C0DDFE1D24FE1100605A95 /* LaunchScreen.storyboard */; };
		72C0DE0B1D24FE1100605A95 /* ____Tests.m in Sources */ = {isa = PBXBuildFile; fileRef = 72C0DE0A1D24FE1100605A95 /* ____Tests.m */; };
		72C0DE161D24FE1100605A95 /* ____UITests.m in Sources */ = {isa = PBXBuildFile; fileRef = 72C0DE151D24FE1100605A95 /* ____UITests.m */; };
		72C0DE421D25026000605A95 /* RequestTool.m in Sources */ = {isa = PBXBuildFile; fileRef = 72C0DE411D25026000605A95 /* RequestTool.m */; };
		72C0DE7F1D25054D00605A95 /* AFAutoPurgingImageCache.m in Sources */ = {isa = PBXBuildFile; fileRef = 72C0DE5F1D25054D00605A95 /* AFAutoPurgingImageCache.m */; };
		72C0DE801D25054D00605A95 /* AFHTTPSessionManager.m in Sources */ = {isa = PBXBuildFile; fileRef = 72C0DE611D25054D00605A95 /* AFHTTPSessionManager.m */; };
		72C0DE811D25054D00605A95 /* AFImageDownloader.m in Sources */ = {isa = PBXBuildFile; fileRef = 72C0DE631D25054D00605A95 /* AFImageDownloader.m */; };
		72C0DE821D25054D00605A95 /* AFNetworkActivityIndicatorManager.m in Sources */ = {isa = PBXBuildFile; fileRef = 72C0DE651D25054D00605A95 /* AFNetworkActivityIndicatorManager.m */; };
		72C0DE831D25054D00605A95 /* AFNetworkReachabilityManager.m in Sources */ = {isa = PBXBuildFile; fileRef = 72C0DE681D25054D00605A95 /* AFNetworkReachabilityManager.m */; };
		72C0DE841D25054D00605A95 /* AFSecurityPolicy.m in Sources */ = {isa = PBXBuildFile; fileRef = 72C0DE6A1D25054D00605A95 /* AFSecurityPolicy.m */; };
		72C0DE851D25054D00605A95 /* AFURLRequestSerialization.m in Sources */ = {isa = PBXBuildFile; fileRef = 72C0DE6C1D25054D00605A95 /* AFURLRequestSerialization.m */; };
		72C0DE861D25054D00605A95 /* AFURLResponseSerialization.m in Sources */ = {isa = PBXBuildFile; fileRef = 72C0DE6E1D25054D00605A95 /* AFURLResponseSerialization.m */; };
		72C0DE871D25054D00605A95 /* AFURLSessionManager.m in Sources */ = {isa = PBXBuildFile; fileRef = 72C0DE701D25054D00605A95 /* AFURLSessionManager.m */; };
		72C0DE881D25054D00605A95 /* UIActivityIndicatorView+AFNetworking.m in Sources */ = {isa = PBXBuildFile; fileRef = 72C0DE721D25054D00605A95 /* UIActivityIndicatorView+AFNetworking.m */; };
		72C0DE891D25054D00605A95 /* UIButton+AFNetworking.m in Sources */ = {isa = PBXBuildFile; fileRef = 72C0DE741D25054D00605A95 /* UIButton+AFNetworking.m */; };
		72C0DE8A1D25054D00605A95 /* UIImageView+AFNetworking.m in Sources */ = {isa = PBXBuildFile; fileRef = 72C0DE771D25054D00605A95 /* UIImageView+AFNetworking.m */; };
		72C0DE8B1D25054D00605A95 /* UIProgressView+AFNetworking.m in Sources */ = {isa = PBXBuildFile; fileRef = 72C0DE7A1D25054D00605A95 /* UIProgressView+AFNetworking.m */; };
		72C0DE8C1D25054D00605A95 /* UIRefreshControl+AFNetworking.m in Sources */ = {isa = PBXBuildFile; fileRef = 72C0DE7C1D25054D00605A95 /* UIRefreshControl+AFNetworking.m */; };
		72C0DE8D1D25054D00605A95 /* UIWebView+AFNetworking.m in Sources */ = {isa = PBXBuildFile; fileRef = 72C0DE7E1D25054D00605A95 /* UIWebView+AFNetworking.m */; };
/* End PBXBuildFile section */

/* Begin PBXContainerItemProxy section */
		72C0DE071D24FE1100605A95 /* PBXContainerItemProxy */ = {
			isa = PBXContainerItemProxy;
			containerPortal = 72C0DDE51D24FE1100605A95 /* Project object */;
			proxyType = 1;
			remoteGlobalIDString = 72C0DDEC1D24FE1100605A95;
			remoteInfo = "上传图片";
		};
		72C0DE121D24FE1100605A95 /* PBXContainerItemProxy */ = {
			isa = PBXContainerItemProxy;
			containerPortal = 72C0DDE51D24FE1100605A95 /* Project object */;
			proxyType = 1;
			remoteGlobalIDString = 72C0DDEC1D24FE1100605A95;
			remoteInfo = "上传图片";
		};
/* End PBXContainerItemProxy section */

/* Begin PBXFileReference section */
		72C0DDED1D24FE1100605A95 /* 上传图片.app */ = {isa = PBXFileReference; explicitFileType = wrapper.application; includeInIndex = 0; path = "上传图片.app"; sourceTree = BUILT_PRODUCTS_DIR; };
		72C0DDF11D24FE1100605A95 /* main.m */ = {isa = PBXFileReference; lastKnownFileType = sourcecode.c.objc; path = main.m; sourceTree = "<group>"; };
		72C0DDF31D24FE1100605A95 /* AppDelegate.h */ = {isa = PBXFileReference; lastKnownFileType = sourcecode.c.h; path = AppDelegate.h; sourceTree = "<group>"; };
		72C0DDF41D24FE1100605A95 /* AppDelegate.m */ = {isa = PBXFileReference; lastKnownFileType = sourcecode.c.objc; path = AppDelegate.m; sourceTree = "<group>"; };
		72C0DDF61D24FE1100605A95 /* ViewController.h */ = {isa = PBXFileReference; lastKnownFileType = sourcecode.c.h; path = ViewController.h; sourceTree = "<group>"; };
		72C0DDF71D24FE1100605A95 /* ViewController.m */ = {isa = PBXFileReference; lastKnownFileType = sourcecode.c.objc; path = ViewController.m; sourceTree = "<group>"; };
		72C0DDFA1D24FE1100605A95 /* Base */ = {isa = PBXFileReference; lastKnownFileType = file.storyboard; name = Base; path = Base.lproj/Main.storyboard; sourceTree = "<group>"; };
		72C0DDFC1D24FE1100605A95 /* Assets.xcassets */ = {isa = PBXFileReference; lastKnownFileType = folder.assetcatalog; path = Assets.xcassets; sourceTree = "<group>"; };
		72C0DDFF1D24FE1100605A95 /* Base */ = {isa = PBXFileReference; lastKnownFileType = file.storyboard; name = Base; path = Base.lproj/LaunchScreen.storyboard; sourceTree = "<group>"; };
		72C0DE011D24FE1100605A95 /* Info.plist */ = {isa = PBXFileReference; lastKnownFileType = text.plist.xml; path = Info.plist; sourceTree = "<group>"; };
		72C0DE061D24FE1100605A95 /* 上传图片Tests.xctest */ = {isa = PBXFileReference; explicitFileType = wrapper.cfbundle; includeInIndex = 0; path = "上传图片Tests.xctest"; sourceTree = BUILT_PRODUCTS_DIR; };
		72C0DE0A1D24FE1100605A95 /* ____Tests.m */ = {isa = PBXFileReference; lastKnownFileType = sourcecode.c.objc; path = "____Tests.m"; sourceTree = "<group>"; };
		72C0DE0C1D24FE1100605A95 /* Info.plist */ = {isa = PBXFileReference; lastKnownFileType = text.plist.xml; path = Info.plist; sourceTree = "<group>"; };
		72C0DE111D24FE1100605A95 /* 上传图片UITests.xctest */ = {isa = PBXFileReference; explicitFileType = wrapper.cfbundle; includeInIndex = 0; path = "上传图片UITests.xctest"; sourceTree = BUILT_PRODUCTS_DIR; };
		72C0DE151D24FE1100605A95 /* ____UITests.m */ = {isa = PBXFileReference; lastKnownFileType = sourcecode.c.objc; path = "____UITests.m"; sourceTree = "<group>"; };
		72C0DE171D24FE1100605A95 /* Info.plist */ = {isa = PBXFileReference; lastKnownFileType = text.plist.xml; path = Info.plist; sourceTree = "<group>"; };
		72C0DE401D25026000605A95 /* RequestTool.h */ = {isa = PBXFileReference; fileEncoding = 4; lastKnownFileType = sourcecode.c.h; path = RequestTool.h; sourceTree = "<group>"; };
		72C0DE411D25026000605A95 /* RequestTool.m */ = {isa = PBXFileReference; fileEncoding = 4; lastKnownFileType = sourcecode.c.objc; path = RequestTool.m; sourceTree = "<group>"; };
		72C0DE5E1D25054D00605A95 /* AFAutoPurgingImageCache.h */ = {isa = PBXFileReference; fileEncoding = 4; lastKnownFileType = sourcecode.c.h; path = AFAutoPurgingImageCache.h; sourceTree = "<group>"; };
		72C0DE5F1D25054D00605A95 /* AFAutoPurgingImageCache.m */ = {isa = PBXFileReference; fileEncoding = 4; lastKnownFileType = sourcecode.c.objc; path = AFAutoPurgingImageCache.m; sourceTree = "<group>"; };
		72C0DE601D25054D00605A95 /* AFHTTPSessionManager.h */ = {isa = PBXFileReference; fileEncoding = 4; lastKnownFileType = sourcecode.c.h; path = AFHTTPSessionManager.h; sourceTree = "<group>"; };
		72C0DE611D25054D00605A95 /* AFHTTPSessionManager.m */ = {isa = PBXFileReference; fileEncoding = 4; lastKnownFileType = sourcecode.c.objc; path = AFHTTPSessionManager.m; sourceTree = "<group>"; };
		72C0DE621D25054D00605A95 /* AFImageDownloader.h */ = {isa = PBXFileReference; fileEncoding = 4; lastKnownFileType = sourcecode.c.h; path = AFImageDownloader.h; sourceTree = "<group>"; };
		72C0DE631D25054D00605A95 /* AFImageDownloader.m */ = {isa = PBXFileReference; fileEncoding = 4; lastKnownFileType = sourcecode.c.objc; path = AFImageDownloader.m; sourceTree = "<group>"; };
		72C0DE641D25054D00605A95 /* AFNetworkActivityIndicatorManager.h */ = {isa = PBXFileReference; fileEncoding = 4; lastKnownFileType = sourcecode.c.h; path = AFNetworkActivityIndicatorManager.h; sourceTree = "<group>"; };
		72C0DE651D25054D00605A95 /* AFNetworkActivityIndicatorManager.m */ = {isa = PBXFileReference; fileEncoding = 4; lastKnownFileType = sourcecode.c.objc; path = AFNetworkActivityIndicatorManager.m; sourceTree = "<group>"; };
		72C0DE661D25054D00605A95 /* AFNetworking.h */ = {isa = PBXFileReference; fileEncoding = 4; lastKnownFileType = sourcecode.c.h; path = AFNetworking.h; sourceTree = "<group>"; };
		72C0DE671D25054D00605A95 /* AFNetworkReachabilityManager.h */ = {isa = PBXFileReference; fileEncoding = 4; lastKnownFileType = sourcecode.c.h; path = AFNetworkReachabilityManager.h; sourceTree = "<group>"; };
		72C0DE681D25054D00605A95 /* AFNetworkReachabilityManager.m */ = {isa = PBXFileReference; fileEncoding = 4; lastKnownFileType = sourcecode.c.objc; path = AFNetworkReachabilityManager.m; sourceTree = "<group>"; };
		72C0DE691D25054D00605A95 /* AFSecurityPolicy.h */ = {isa = PBXFileReference; fileEncoding = 4; lastKnownFileType = sourcecode.c.h; path = AFSecurityPolicy.h; sourceTree = "<group>"; };
		72C0DE6A1D25054D00605A95 /* AFSecurityPolicy.m */ = {isa = PBXFileReference; fileEncoding = 4; lastKnownFileType = sourcecode.c.objc; path = AFSecurityPolicy.m; sourceTree = "<group>"; };
		72C0DE6B1D25054D00605A95 /* AFURLRequestSerialization.h */ = {isa = PBXFileReference; fileEncoding = 4; lastKnownFileType = sourcecode.c.h; path = AFURLRequestSerialization.h; sourceTree = "<group>"; };
		72C0DE6C1D25054D00605A95 /* AFURLRequestSerialization.m */ = {isa = PBXFileReference; fileEncoding = 4; lastKnownFileType = sourcecode.c.objc; path = AFURLRequestSerialization.m; sourceTree = "<group>"; };
		72C0DE6D1D25054D00605A95 /* AFURLResponseSerialization.h */ = {isa = PBXFileReference; fileEncoding = 4; lastKnownFileType = sourcecode.c.h; path = AFURLResponseSerialization.h; sourceTree = "<group>"; };
		72C0DE6E1D25054D00605A95 /* AFURLResponseSerialization.m */ = {isa = PBXFileReference; fileEncoding = 4; lastKnownFileType = sourcecode.c.objc; path = AFURLResponseSerialization.m; sourceTree = "<group>"; };
		72C0DE6F1D25054D00605A95 /* AFURLSessionManager.h */ = {isa = PBXFileReference; fileEncoding = 4; lastKnownFileType = sourcecode.c.h; path = AFURLSessionManager.h; sourceTree = "<group>"; };
		72C0DE701D25054D00605A95 /* AFURLSessionManager.m */ = {isa = PBXFileReference; fileEncoding = 4; lastKnownFileType = sourcecode.c.objc; path = AFURLSessionManager.m; sourceTree = "<group>"; };
		72C0DE711D25054D00605A95 /* UIActivityIndicatorView+AFNetworking.h */ = {isa = PBXFileReference; fileEncoding = 4; lastKnownFileType = sourcecode.c.h; path = "UIActivityIndicatorView+AFNetworking.h"; sourceTree = "<group>"; };
		72C0DE721D25054D00605A95 /* UIActivityIndicatorView+AFNetworking.m */ = {isa = PBXFileReference; fileEncoding = 4; lastKnownFileType = sourcecode.c.objc; path = "UIActivityIndicatorView+AFNetworking.m"; sourceTree = "<group>"; };
		72C0DE731D25054D00605A95 /* UIButton+AFNetworking.h */ = {isa = PBXFileReference; fileEncoding = 4; lastKnownFileType = sourcecode.c.h; path = "UIButton+AFNetworking.h"; sourceTree = "<group>"; };
		72C0DE741D25054D00605A95 /* UIButton+AFNetworking.m */ = {isa = PBXFileReference; fileEncoding = 4; lastKnownFileType = sourcecode.c.objc; path = "UIButton+AFNetworking.m"; sourceTree = "<group>"; };
		72C0DE751D25054D00605A95 /* UIImage+AFNetworking.h */ = {isa = PBXFileReference; fileEncoding = 4; lastKnownFileType = sourcecode.c.h; path = "UIImage+AFNetworking.h"; sourceTree = "<group>"; };
		72C0DE761D25054D00605A95 /* UIImageView+AFNetworking.h */ = {isa = PBXFileReference; fileEncoding = 4; lastKnownFileType = sourcecode.c.h; path = "UIImageView+AFNetworking.h"; sourceTree = "<group>"; };
		72C0DE771D25054D00605A95 /* UIImageView+AFNetworking.m */ = {isa = PBXFileReference; fileEncoding = 4; lastKnownFileType = sourcecode.c.objc; path = "UIImageView+AFNetworking.m"; sourceTree = "<group>"; };
		72C0DE781D25054D00605A95 /* UIKit+AFNetworking.h */ = {isa = PBXFileReference; fileEncoding = 4; lastKnownFileType = sourcecode.c.h; path = "UIKit+AFNetworking.h"; sourceTree = "<group>"; };
		72C0DE791D25054D00605A95 /* UIProgressView+AFNetworking.h */ = {isa = PBXFileReference; fileEncoding = 4; lastKnownFileType = sourcecode.c.h; path = "UIProgressView+AFNetworking.h"; sourceTree = "<group>"; };
		72C0DE7A1D25054D00605A95 /* UIProgressView+AFNetworking.m */ = {isa = PBXFileReference; fileEncoding = 4; lastKnownFileType = sourcecode.c.objc; path = "UIProgressView+AFNetworking.m"; sourceTree = "<group>"; };
		72C0DE7B1D25054D00605A95 /* UIRefreshControl+AFNetworking.h */ = {isa = PBXFileReference; fileEncoding = 4; lastKnownFileType = sourcecode.c.h; path = "UIRefreshControl+AFNetworking.h"; sourceTree = "<group>"; };
		72C0DE7C1D25054D00605A95 /* UIRefreshControl+AFNetworking.m */ = {isa = PBXFileReference; fileEncoding = 4; lastKnownFileType = sourcecode.c.objc; path = "UIRefreshControl+AFNetworking.m"; sourceTree = "<group>"; };
		72C0DE7D1D25054D00605A95 /* UIWebView+AFNetworking.h */ = {isa = PBXFileReference; fileEncoding = 4; lastKnownFileType = sourcecode.c.h; path = "UIWebView+AFNetworking.h"; sourceTree = "<group>"; };
		72C0DE7E1D25054D00605A95 /* UIWebView+AFNetworking.m */ = {isa = PBXFileReference; fileEncoding = 4; lastKnownFileType = sourcecode.c.objc; path = "UIWebView+AFNetworking.m"; sourceTree = "<group>"; };
/* End PBXFileReference section */

/* Begin PBXFrameworksBuildPhase section */
		72C0DDEA1D24FE1100605A95 /* Frameworks */ = {
			isa = PBXFrameworksBuildPhase;
			buildActionMask = 2147483647;
			files = (
			);
			runOnlyForDeploymentPostprocessing = 0;
		};
		72C0DE031D24FE1100605A95 /* Frameworks */ = {
			isa = PBXFrameworksBuildPhase;
			buildActionMask = 2147483647;
			files = (
			);
			runOnlyForDeploymentPostprocessing = 0;
		};
		72C0DE0E1D24FE1100605A95 /* Frameworks */ = {
			isa = PBXFrameworksBuildPhase;
			buildActionMask = 2147483647;
			files = (
			);
			runOnlyForDeploymentPostprocessing = 0;
		};
/* End PBXFrameworksBuildPhase section */

/* Begin PBXGroup section */
		72C0DDE41D24FE1100605A95 = {
			isa = PBXGroup;
			children = (
				72C0DDEF1D24FE1100605A95 /* 上传图片 */,
				72C0DE091D24FE1100605A95 /* 上传图片Tests */,
				72C0DE141D24FE1100605A95 /* 上传图片UITests */,
				72C0DDEE1D24FE1100605A95 /* Products */,
			);
			sourceTree = "<group>";
		};
		72C0DDEE1D24FE1100605A95 /* Products */ = {
			isa = PBXGroup;
			children = (
				72C0DDED1D24FE1100605A95 /* 上传图片.app */,
				72C0DE061D24FE1100605A95 /* 上传图片Tests.xctest */,
				72C0DE111D24FE1100605A95 /* 上传图片UITests.xctest */,
			);
			name = Products;
			sourceTree = "<group>";
		};
		72C0DDEF1D24FE1100605A95 /* 上传图片 */ = {
			isa = PBXGroup;
			children = (
				72C0DE5D1D25054D00605A95 /* AFNetWork */,
				72C0DDF31D24FE1100605A95 /* AppDelegate.h */,
				72C0DDF41D24FE1100605A95 /* AppDelegate.m */,
				72C0DDF61D24FE1100605A95 /* ViewController.h */,
				72C0DDF71D24FE1100605A95 /* ViewController.m */,
				72C0DE401D25026000605A95 /* RequestTool.h */,
				72C0DE411D25026000605A95 /* RequestTool.m */,
				72C0DDF91D24FE1100605A95 /* Main.storyboard */,
				72C0DDFC1D24FE1100605A95 /* Assets.xcassets */,
				72C0DDFE1D24FE1100605A95 /* LaunchScreen.storyboard */,
				72C0DE011D24FE1100605A95 /* Info.plist */,
				72C0DDF01D24FE1100605A95 /* Supporting Files */,
			);
			path = "上传图片";
			sourceTree = "<group>";
		};
		72C0DDF01D24FE1100605A95 /* Supporting Files */ = {
			isa = PBXGroup;
			children = (
				72C0DDF11D24FE1100605A95 /* main.m */,
			);
			name = "Supporting Files";
			sourceTree = "<group>";
		};
		72C0DE091D24FE1100605A95 /* 上传图片Tests */ = {
			isa = PBXGroup;
			children = (
				72C0DE0A1D24FE1100605A95 /* ____Tests.m */,
				72C0DE0C1D24FE1100605A95 /* Info.plist */,
			);
			path = "上传图片Tests";
			sourceTree = "<group>";
		};
		72C0DE141D24FE1100605A95 /* 上传图片UITests */ = {
			isa = PBXGroup;
			children = (
				72C0DE151D24FE1100605A95 /* ____UITests.m */,
				72C0DE171D24FE1100605A95 /* Info.plist */,
			);
			path = "上传图片UITests";
			sourceTree = "<group>";
		};
		72C0DE5D1D25054D00605A95 /* AFNetWork */ = {
			isa = PBXGroup;
			children = (
				72C0DE5E1D25054D00605A95 /* AFAutoPurgingImageCache.h */,
				72C0DE5F1D25054D00605A95 /* AFAutoPurgingImageCache.m */,
				72C0DE601D25054D00605A95 /* AFHTTPSessionManager.h */,
				72C0DE611D25054D00605A95 /* AFHTTPSessionManager.m */,
				72C0DE621D25054D00605A95 /* AFImageDownloader.h */,
				72C0DE631D25054D00605A95 /* AFImageDownloader.m */,
				72C0DE641D25054D00605A95 /* AFNetworkActivityIndicatorManager.h */,
				72C0DE651D25054D00605A95 /* AFNetworkActivityIndicatorManager.m */,
				72C0DE661D25054D00605A95 /* AFNetworking.h */,
				72C0DE671D25054D00605A95 /* AFNetworkReachabilityManager.h */,
				72C0DE681D25054D00605A95 /* AFNetworkReachabilityManager.m */,
				72C0DE691D25054D00605A95 /* AFSecurityPolicy.h */,
				72C0DE6A1D25054D00605A95 /* AFSecurityPolicy.m */,
				72C0DE6B1D25054D00605A95 /* AFURLRequestSerialization.h */,
				72C0DE6C1D25054D00605A95 /* AFURLRequestSerialization.m */,
				72C0DE6D1D25054D00605A95 /* AFURLResponseSerialization.h */,
				72C0DE6E1D25054D00605A95 /* AFURLResponseSerialization.m */,
				72C0DE6F1D25054D00605A95 /* AFURLSessionManager.h */,
				72C0DE701D25054D00605A95 /* AFURLSessionManager.m */,
				72C0DE711D25054D00605A95 /* UIActivityIndicatorView+AFNetworking.h */,
				72C0DE721D25054D00605A95 /* UIActivityIndicatorView+AFNetworking.m */,
				72C0DE731D25054D00605A95 /* UIButton+AFNetworking.h */,
				72C0DE741D25054D00605A95 /* UIButton+AFNetworking.m */,
				72C0DE751D25054D00605A95 /* UIImage+AFNetworking.h */,
				72C0DE761D25054D00605A95 /* UIImageView+AFNetworking.h */,
				72C0DE771D25054D00605A95 /* UIImageView+AFNetworking.m */,
				72C0DE781D25054D00605A95 /* UIKit+AFNetworking.h */,
				72C0DE791D25054D00605A95 /* UIProgressView+AFNetworking.h */,
				72C0DE7A1D25054D00605A95 /* UIProgressView+AFNetworking.m */,
				72C0DE7B1D25054D00605A95 /* UIRefreshControl+AFNetworking.h */,
				72C0DE7C1D25054D00605A95 /* UIRefreshControl+AFNetworking.m */,
				72C0DE7D1D25054D00605A95 /* UIWebView+AFNetworking.h */,
				72C0DE7E1D25054D00605A95 /* UIWebView+AFNetworking.m */,
			);
			path = AFNetWork;
			sourceTree = "<group>";
		};
/* End PBXGroup section */

/* Begin PBXNativeTarget section */
		72C0DDEC1D24FE1100605A95 /* 上传图片 */ = {
			isa = PBXNativeTarget;
			buildConfigurationList = 72C0DE1A1D24FE1100605A95 /* Build configuration list for PBXNativeTarget "上传图片" */;
			buildPhases = (
				72C0DDE91D24FE1100605A95 /* Sources */,
				72C0DDEA1D24FE1100605A95 /* Frameworks */,
				72C0DDEB1D24FE1100605A95 /* Resources */,
			);
			buildRules = (
			);
			dependencies = (
			);
			name = "上传图片";
			productName = "上传图片";
			productReference = 72C0DDED1D24FE1100605A95 /* 上传图片.app */;
			productType = "com.apple.product-type.application";
		};
		72C0DE051D24FE1100605A95 /* 上传图片Tests */ = {
			isa = PBXNativeTarget;
			buildConfigurationList = 72C0DE1D1D24FE1100605A95 /* Build configuration list for PBXNativeTarget "上传图片Tests" */;
			buildPhases = (
				72C0DE021D24FE1100605A95 /* Sources */,
				72C0DE031D24FE1100605A95 /* Frameworks */,
				72C0DE041D24FE1100605A95 /* Resources */,
			);
			buildRules = (
			);
			dependencies = (
				72C0DE081D24FE1100605A95 /* PBXTargetDependency */,
			);
			name = "上传图片Tests";
			productName = "上传图片Tests";
			productReference = 72C0DE061D24FE1100605A95 /* 上传图片Tests.xctest */;
			productType = "com.apple.product-type.bundle.unit-test";
		};
		72C0DE101D24FE1100605A95 /* 上传图片UITests */ = {
			isa = PBXNativeTarget;
			buildConfigurationList = 72C0DE201D24FE1100605A95 /* Build configuration list for PBXNativeTarget "上传图片UITests" */;
			buildPhases = (
				72C0DE0D1D24FE1100605A95 /* Sources */,
				72C0DE0E1D24FE1100605A95 /* Frameworks */,
				72C0DE0F1D24FE1100605A95 /* Resources */,
			);
			buildRules = (
			);
			dependencies = (
				72C0DE131D24FE1100605A95 /* PBXTargetDependency */,
			);
			name = "上传图片UITests";
			productName = "上传图片UITests";
			productReference = 72C0DE111D24FE1100605A95 /* 上传图片UITests.xctest */;
			productType = "com.apple.product-type.bundle.ui-testing";
		};
/* End PBXNativeTarget section */

/* Begin PBXProject section */
		72C0DDE51D24FE1100605A95 /* Project object */ = {
			isa = PBXProject;
			attributes = {
				LastUpgradeCheck = 0710;
				ORGANIZATIONNAME = "郭进前";
				TargetAttributes = {
					72C0DDEC1D24FE1100605A95 = {
						CreatedOnToolsVersion = 7.1;
					};
					72C0DE051D24FE1100605A95 = {
						CreatedOnToolsVersion = 7.1;
						TestTargetID = 72C0DDEC1D24FE1100605A95;
					};
					72C0DE101D24FE1100605A95 = {
						CreatedOnToolsVersion = 7.1;
						TestTargetID = 72C0DDEC1D24FE1100605A95;
					};
				};
			};
			buildConfigurationList = 72C0DDE81D24FE1100605A95 /* Build configuration list for PBXProject "上传图片" */;
			compatibilityVersion = "Xcode 3.2";
			developmentRegion = English;
			hasScannedForEncodings = 0;
			knownRegions = (
				en,
				Base,
			);
			mainGroup = 72C0DDE41D24FE1100605A95;
			productRefGroup = 72C0DDEE1D24FE1100605A95 /* Products */;
			projectDirPath = "";
			projectRoot = "";
			targets = (
				72C0DDEC1D24FE1100605A95 /* 上传图片 */,
				72C0DE051D24FE1100605A95 /* 上传图片Tests */,
				72C0DE101D24FE1100605A95 /* 上传图片UITests */,
			);
		};
/* End PBXProject section */

/* Begin PBXResourcesBuildPhase section */
		72C0DDEB1D24FE1100605A95 /* Resources */ = {
			isa = PBXResourcesBuildPhase;
			buildActionMask = 2147483647;
			files = (
				72C0DE001D24FE1100605A95 /* LaunchScreen.storyboard in Resources */,
				72C0DDFD1D24FE1100605A95 /* Assets.xcassets in Resources */,
				72C0DDFB1D24FE1100605A95 /* Main.storyboard in Resources */,
			);
			runOnlyForDeploymentPostprocessing = 0;
		};
		72C0DE041D24FE1100605A95 /* Resources */ = {
			isa = PBXResourcesBuildPhase;
			buildActionMask = 2147483647;
			files = (
			);
			runOnlyForDeploymentPostprocessing = 0;
		};
		72C0DE0F1D24FE1100605A95 /* Resources */ = {
			isa = PBXResourcesBuildPhase;
			buildActionMask = 2147483647;
			files = (
			);
			runOnlyForDeploymentPostprocessing = 0;
		};
/* End PBXResourcesBuildPhase section */

/* Begin PBXSourcesBuildPhase section */
		72C0DDE91D24FE1100605A95 /* Sources */ = {
			isa = PBXSourcesBuildPhase;
			buildActionMask = 2147483647;
			files = (
				72C0DE7F1D25054D00605A95 /* AFAutoPurgingImageCache.m in Sources */,
				72C0DE831D25054D00605A95 /* AFNetworkReachabilityManager.m in Sources */,
				72C0DDF81D24FE1100605A95 /* ViewController.m in Sources */,
				72C0DE421D25026000605A95 /* RequestTool.m in Sources */,
				72C0DE801D25054D00605A95 /* AFHTTPSessionManager.m in Sources */,
				72C0DE821D25054D00605A95 /* AFNetworkActivityIndicatorManager.m in Sources */,
				72C0DE881D25054D00605A95 /* UIActivityIndicatorView+AFNetworking.m in Sources */,
				72C0DE841D25054D00605A95 /* AFSecurityPolicy.m in Sources */,
				72C0DE8B1D25054D00605A95 /* UIProgressView+AFNetworking.m in Sources */,
				72C0DE851D25054D00605A95 /* AFURLRequestSerialization.m in Sources */,
				72C0DE811D25054D00605A95 /* AFImageDownloader.m in Sources */,
				72C0DDF51D24FE1100605A95 /* AppDelegate.m in Sources */,
				72C0DE8A1D25054D00605A95 /* UIImageView+AFNetworking.m in Sources */,
				72C0DE891D25054D00605A95 /* UIButton+AFNetworking.m in Sources */,
				72C0DE8C1D25054D00605A95 /* UIRefreshControl+AFNetworking.m in Sources */,
				72C0DE8D1D25054D00605A95 /* UIWebView+AFNetworking.m in Sources */,
				72C0DE861D25054D00605A95 /* AFURLResponseSerialization.m in Sources */,
				72C0DE871D25054D00605A95 /* AFURLSessionManager.m in Sources */,
				72C0DDF21D24FE1100605A95 /* main.m in Sources */,
			);
			runOnlyForDeploymentPostprocessing = 0;
		};
		72C0DE021D24FE1100605A95 /* Sources */ = {
			isa = PBXSourcesBuildPhase;
			buildActionMask = 2147483647;
			files = (
				72C0DE0B1D24FE1100605A95 /* ____Tests.m in Sources */,
			);
			runOnlyForDeploymentPostprocessing = 0;
		};
		72C0DE0D1D24FE1100605A95 /* Sources */ = {
			isa = PBXSourcesBuildPhase;
			buildActionMask = 2147483647;
			files = (
				72C0DE161D24FE1100605A95 /* ____UITests.m in Sources */,
			);
			runOnlyForDeploymentPostprocessing = 0;
		};
/* End PBXSourcesBuildPhase section */

/* Begin PBXTargetDependency section */
		72C0DE081D24FE1100605A95 /* PBXTargetDependency */ = {
			isa = PBXTargetDependency;
			target = 72C0DDEC1D24FE1100605A95 /* 上传图片 */;
			targetProxy = 72C0DE071D24FE1100605A95 /* PBXContainerItemProxy */;
		};
		72C0DE131D24FE1100605A95 /* PBXTargetDependency */ = {
			isa = PBXTargetDependency;
			target = 72C0DDEC1D24FE1100605A95 /* 上传图片 */;
			targetProxy = 72C0DE121D24FE1100605A95 /* PBXContainerItemProxy */;
		};
/* End PBXTargetDependency section */

/* Begin PBXVariantGroup section */
		72C0DDF91D24FE1100605A95 /* Main.storyboard */ = {
			isa = PBXVariantGroup;
			children = (
				72C0DDFA1D24FE1100605A95 /* Base */,
			);
			name = Main.storyboard;
			sourceTree = "<group>";
		};
		72C0DDFE1D24FE1100605A95 /* LaunchScreen.storyboard */ = {
			isa = PBXVariantGroup;
			children = (
				72C0DDFF1D24FE1100605A95 /* Base */,
			);
			name = LaunchScreen.storyboard;
			sourceTree = "<group>";
		};
/* End PBXVariantGroup section */

/* Begin XCBuildConfiguration section */
		72C0DE181D24FE1100605A95 /* Debug */ = {
			isa = XCBuildConfiguration;
			buildSettings = {
				ALWAYS_SEARCH_USER_PATHS = NO;
				CLANG_CXX_LANGUAGE_STANDARD = "gnu++0x";
				CLANG_CXX_LIBRARY = "libc++";
				CLANG_ENABLE_MODULES = YES;
				CLANG_ENABLE_OBJC_ARC = YES;
				CLANG_WARN_BOOL_CONVERSION = YES;
				CLANG_WARN_CONSTANT_CONVERSION = YES;
				CLANG_WARN_DIRECT_OBJC_ISA_USAGE = YES_ERROR;
				CLANG_WARN_EMPTY_BODY = YES;
				CLANG_WARN_ENUM_CONVERSION = YES;
				CLANG_WARN_INT_CONVERSION = YES;
				CLANG_WARN_OBJC_ROOT_CLASS = YES_ERROR;
				CLANG_WARN_UNREACHABLE_CODE = YES;
				CLANG_WARN__DUPLICATE_METHOD_MATCH = YES;
				"CODE_SIGN_IDENTITY[sdk=iphoneos*]" = "iPhone Developer";
				COPY_PHASE_STRIP = NO;
				DEBUG_INFORMATION_FORMAT = dwarf;
				ENABLE_STRICT_OBJC_MSGSEND = YES;
				ENABLE_TESTABILITY = YES;
				GCC_C_LANGUAGE_STANDARD = gnu99;
				GCC_DYNAMIC_NO_PIC = NO;
				GCC_NO_COMMON_BLOCKS = YES;
				GCC_OPTIMIZATION_LEVEL = 0;
				GCC_PREPROCESSOR_DEFINITIONS = (
					"DEBUG=1",
					"$(inherited)",
				);
				GCC_WARN_64_TO_32_BIT_CONVERSION = YES;
				GCC_WARN_ABOUT_RETURN_TYPE = YES_ERROR;
				GCC_WARN_UNDECLARED_SELECTOR = YES;
				GCC_WARN_UNINITIALIZED_AUTOS = YES_AGGRESSIVE;
				GCC_WARN_UNUSED_FUNCTION = YES;
				GCC_WARN_UNUSED_VARIABLE = YES;
				IPHONEOS_DEPLOYMENT_TARGET = 9.1;
				MTL_ENABLE_DEBUG_INFO = YES;
				ONLY_ACTIVE_ARCH = YES;
				SDKROOT = iphoneos;
				TARGETED_DEVICE_FAMILY = "1,2";
			};
			name = Debug;
		};
		72C0DE191D24FE1100605A95 /* Release */ = {
			isa = XCBuildConfiguration;
			buildSettings = {
				ALWAYS_SEARCH_USER_PATHS = NO;
				CLANG_CXX_LANGUAGE_STANDARD = "gnu++0x";
				CLANG_CXX_LIBRARY = "libc++";
				CLANG_ENABLE_MODULES = YES;
				CLANG_ENABLE_OBJC_ARC = YES;
				CLANG_WARN_BOOL_CONVERSION = YES;
				CLANG_WARN_CONSTANT_CONVERSION = YES;
				CLANG_WARN_DIRECT_OBJC_ISA_USAGE = YES_ERROR;
				CLANG_WARN_EMPTY_BODY = YES;
				CLANG_WARN_ENUM_CONVERSION = YES;
				CLANG_WARN_INT_CONVERSION = YES;
				CLANG_WARN_OBJC_ROOT_CLASS = YES_ERROR;
				CLANG_WARN_UNREACHABLE_CODE = YES;
				CLANG_WARN__DUPLICATE_METHOD_MATCH = YES;
				"CODE_SIGN_IDENTITY[sdk=iphoneos*]" = "iPhone Developer";
				COPY_PHASE_STRIP = NO;
				DEBUG_INFORMATION_FORMAT = "dwarf-with-dsym";
				ENABLE_NS_ASSERTIONS = NO;
				ENABLE_STRICT_OBJC_MSGSEND = YES;
				GCC_C_LANGUAGE_STANDARD = gnu99;
				GCC_NO_COMMON_BLOCKS = YES;
				GCC_WARN_64_TO_32_BIT_CONVERSION = YES;
				GCC_WARN_ABOUT_RETURN_TYPE = YES_ERROR;
				GCC_WARN_UNDECLARED_SELECTOR = YES;
				GCC_WARN_UNINITIALIZED_AUTOS = YES_AGGRESSIVE;
				GCC_WARN_UNUSED_FUNCTION = YES;
				GCC_WARN_UNUSED_VARIABLE = YES;
				IPHONEOS_DEPLOYMENT_TARGET = 9.1;
				MTL_ENABLE_DEBUG_INFO = NO;
				SDKROOT = iphoneos;
				TARGETED_DEVICE_FAMILY = "1,2";
				VALIDATE_PRODUCT = YES;
			};
			name = Release;
		};
		72C0DE1B1D24FE1100605A95 /* Debug */ = {
			isa = XCBuildConfiguration;
			buildSettings = {
				ASSETCATALOG_COMPILER_APPICON_NAME = AppIcon;
				INFOPLIST_FILE = "上传图片/Info.plist";
				LD_RUNPATH_SEARCH_PATHS = "$(inherited) @executable_path/Frameworks";
				PRODUCT_BUNDLE_IDENTIFIER = "-------.----";
				PRODUCT_NAME = "$(TARGET_NAME)";
			};
			name = Debug;
		};
		72C0DE1C1D24FE1100605A95 /* Release */ = {
			isa = XCBuildConfiguration;
			buildSettings = {
				ASSETCATALOG_COMPILER_APPICON_NAME = AppIcon;
				INFOPLIST_FILE = "上传图片/Info.plist";
				LD_RUNPATH_SEARCH_PATHS = "$(inherited) @executable_path/Frameworks";
				PRODUCT_BUNDLE_IDENTIFIER = "-------.----";
				PRODUCT_NAME = "$(TARGET_NAME)";
			};
			name = Release;
		};
		72C0DE1E1D24FE1100605A95 /* Debug */ = {
			isa = XCBuildConfiguration;
			buildSettings = {
				BUNDLE_LOADER = "$(TEST_HOST)";
				INFOPLIST_FILE = "上传图片Tests/Info.plist";
				LD_RUNPATH_SEARCH_PATHS = "$(inherited) @executable_path/Frameworks @loader_path/Frameworks";
				PRODUCT_BUNDLE_IDENTIFIER = "-------.----Tests";
				PRODUCT_NAME = "$(TARGET_NAME)";
				TEST_HOST = "$(BUILT_PRODUCTS_DIR)/上传图片.app/上传图片";
			};
			name = Debug;
		};
		72C0DE1F1D24FE1100605A95 /* Release */ = {
			isa = XCBuildConfiguration;
			buildSettings = {
				BUNDLE_LOADER = "$(TEST_HOST)";
				INFOPLIST_FILE = "上传图片Tests/Info.plist";
				LD_RUNPATH_SEARCH_PATHS = "$(inherited) @executable_path/Frameworks @loader_path/Frameworks";
				PRODUCT_BUNDLE_IDENTIFIER = "-------.----Tests";
				PRODUCT_NAME = "$(TARGET_NAME)";
				TEST_HOST = "$(BUILT_PRODUCTS_DIR)/上传图片.app/上传图片";
			};
			name = Release;
		};
		72C0DE211D24FE1100605A95 /* Debug */ = {
			isa = XCBuildConfiguration;
			buildSettings = {
				INFOPLIST_FILE = "上传图片UITests/Info.plist";
				LD_RUNPATH_SEARCH_PATHS = "$(inherited) @executable_path/Frameworks @loader_path/Frameworks";
				PRODUCT_BUNDLE_IDENTIFIER = "-------.----UITests";
				PRODUCT_NAME = "$(TARGET_NAME)";
				TEST_TARGET_NAME = "上传图片";
				USES_XCTRUNNER = YES;
			};
			name = Debug;
		};
		72C0DE221D24FE1100605A95 /* Release */ = {
			isa = XCBuildConfiguration;
			buildSettings = {
				INFOPLIST_FILE = "上传图片UITests/Info.plist";
				LD_RUNPATH_SEARCH_PATHS = "$(inherited) @executable_path/Frameworks @loader_path/Frameworks";
				PRODUCT_BUNDLE_IDENTIFIER = "-------.----UITests";
				PRODUCT_NAME = "$(TARGET_NAME)";
				TEST_TARGET_NAME = "上传图片";
				USES_XCTRUNNER = YES;
			};
			name = Release;
		};
/* End XCBuildConfiguration section */

/* Begin XCConfigurationList section */
		72C0DDE81D24FE1100605A95 /* Build configuration list for PBXProject "上传图片" */ = {
			isa = XCConfigurationList;
			buildConfigurations = (
				72C0DE181D24FE1100605A95 /* Debug */,
				72C0DE191D24FE1100605A95 /* Release */,
			);
			defaultConfigurationIsVisible = 0;
			defaultConfigurationName = Release;
		};
		72C0DE1A1D24FE1100605A95 /* Build configuration list for PBXNativeTarget "上传图片" */ = {
			isa = XCConfigurationList;
			buildConfigurations = (
				72C0DE1B1D24FE1100605A95 /* Debug */,
				72C0DE1C1D24FE1100605A95 /* Release */,
			);
			defaultConfigurationIsVisible = 0;
		};
		72C0DE1D1D24FE1100605A95 /* Build configuration list for PBXNativeTarget "上传图片Tests" */ = {
			isa = XCConfigurationList;
			buildConfigurations = (
				72C0DE1E1D24FE1100605A95 /* Debug */,
				72C0DE1F1D24FE1100605A95 /* Release */,
			);
			defaultConfigurationIsVisible = 0;
		};
		72C0DE201D24FE1100605A95 /* Build configuration list for PBXNativeTarget "上传图片UITests" */ = {
			isa = XCConfigurationList;
			buildConfigurations = (
				72C0DE211D24FE1100605A95 /* Debug */,
				72C0DE221D24FE1100605A95 /* Release */,
			);
			defaultConfigurationIsVisible = 0;
		};
/* End XCConfigurationList section */
	};
	rootObject = 72C0DDE51D24FE1100605A95 /* Project object */;
}
